
Microsoft Visual Studio Solution File, Format Version 12.00
# Visual Studio Version 17
VisualStudioVersion = 17.9.34616.47
MinimumVisualStudioVersion = 10.0.40219.1
Project("{8BC9CEB8-8B4A-11D0-8D11-00A0C91BC942}") = "Ucp3 Pemdas", "Ucp3 Pemdas\Ucp3 Pemdas.vcxproj", "{61E1F416-48BD-4A35-AB67-366F8048AE47}"
EndProject
Global
	GlobalSection(SolutionConfigurationPlatforms) = preSolution
		Debug|x64 = Debug|x64
		Debug|x86 = Debug|x86
		Release|x64 = Release|x64
		Release|x86 = Release|x86
	EndGlobalSection
	GlobalSection(ProjectConfigurationPlatforms) = postSolution
		{61E1F416-48BD-4A35-AB67-366F8048AE47}.Debug|x64.ActiveCfg = Debug|x64
		{61E1F416-48BD-4A35-AB67-366F8048AE47}.Debug|x64.Build.0 = Debug|x64
		{61E1F416-48BD-4A35-AB67-366F8048AE47}.Debug|x86.ActiveCfg = Debug|Win32
		{61E1F416-48BD-4A35-AB67-366F8048AE47}.Debug|x86.Build.0 = Debug|Win32
		{61E1F416-48BD-4A35-AB67-366F8048AE47}.Release|x64.ActiveCfg = Release|x64
		{61E1F416-48BD-4A35-AB67-366F8048AE47}.Release|x64.Build.0 = Release|x64
		{61E1F416-48BD-4A35-AB67-366F8048AE47}.Release|x86.ActiveCfg = Release|Win32
		{61E1F416-48BD-4A35-AB67-366F8048AE47}.Release|x86.Build.0 = Release|Win32
	EndGlobalSection
	GlobalSection(SolutionProperties) = preSolution
		HideSolutionNode = FALSE
	EndGlobalSection
	GlobalSection(ExtensibilityGlobals) = postSolution
		SolutionGuid = {AC52522B-48DB-4F26-827E-5239EB21F214}
	EndGlobalSection
EndGlobal
